
Microsoft Visual Studio Solution File, Format Version 12.00
# Visual Studio Version 16
VisualStudioVersion = 16.0.29709.97
MinimumVisualStudioVersion = 10.0.40219.1
Project("{9A19103F-16F7-4668-BE54-9A1E7A4F7556}") = "Packit.Model", "Packit.Model\Packit.Model.csproj", "{7AFD05F6-34AA-40C7-9B83-428081F13911}"
EndProject
Project("{9A19103F-16F7-4668-BE54-9A1E7A4F7556}") = "Packit.Database.Api", "Packit.Database.Api\Packit.Database.Api.csproj", "{56221B6B-A6F1-44AE-A47B-E5234C4BC069}"
EndProject
Project("{FAE04EC0-301F-11D3-BF4B-00C04F79EFBC}") = "Packit.TestGui", "Packit.TestGui\Packit.TestGui.csproj", "{6C265DD5-B8C4-4837-92A4-09ACF79223BA}"
EndProject
Project("{9A19103F-16F7-4668-BE54-9A1E7A4F7556}") = "Packit.DataAccess", "Packit.DataAccess\Packit.DataAccess.csproj", "{45E26E35-4D75-4464-8845-5D307A681E93}"
EndProject
Project("{9A19103F-16F7-4668-BE54-9A1E7A4F7556}") = "Packit.Database.Migrations", "Packit.Database.Migrations\Packit.Database.Migrations.csproj", "{EF78EB34-7D52-49C4-B816-9BF11B73C73D}"
EndProject
Project("{9A19103F-16F7-4668-BE54-9A1E7A4F7556}") = "Packit.LocalData", "Packit.TemporaryData\Packit.LocalData.csproj", "{9586CE02-7811-4C57-9100-C5581A214D80}"
EndProject
Project("{9A19103F-16F7-4668-BE54-9A1E7A4F7556}") = "Packit.Image.Api", "Packit.Image.Api\Packit.Image.Api.csproj", "{5F8D57A4-CED9-4086-8BFB-E22684F0A392}"
EndProject
Project("{9A19103F-16F7-4668-BE54-9A1E7A4F7556}") = "Packit.Repository", "Packit.Repository\Packit.Repository.csproj", "{8E3D9273-3F51-49BA-9DBE-402EF607D321}"
EndProject
Project("{FAE04EC0-301F-11D3-BF4B-00C04F79EFBC}") = "Packit.Database.Apiv2", "Packit.Database.Apiv2\Packit.Database.Apiv2.csproj", "{9830D682-5C04-4E61-8889-86FE8002331F}"
EndProject
Global
	GlobalSection(SolutionConfigurationPlatforms) = preSolution
		Debug|Any CPU = Debug|Any CPU
		Debug|ARM = Debug|ARM
		Debug|ARM64 = Debug|ARM64
		Debug|x64 = Debug|x64
		Debug|x86 = Debug|x86
		Release|Any CPU = Release|Any CPU
		Release|ARM = Release|ARM
		Release|ARM64 = Release|ARM64
		Release|x64 = Release|x64
		Release|x86 = Release|x86
	EndGlobalSection
	GlobalSection(ProjectConfigurationPlatforms) = postSolution
		{7AFD05F6-34AA-40C7-9B83-428081F13911}.Debug|Any CPU.ActiveCfg = Debug|Any CPU
		{7AFD05F6-34AA-40C7-9B83-428081F13911}.Debug|Any CPU.Build.0 = Debug|Any CPU
		{7AFD05F6-34AA-40C7-9B83-428081F13911}.Debug|ARM.ActiveCfg = Debug|Any CPU
		{7AFD05F6-34AA-40C7-9B83-428081F13911}.Debug|ARM.Build.0 = Debug|Any CPU
		{7AFD05F6-34AA-40C7-9B83-428081F13911}.Debug|ARM64.ActiveCfg = Debug|Any CPU
		{7AFD05F6-34AA-40C7-9B83-428081F13911}.Debug|ARM64.Build.0 = Debug|Any CPU
		{7AFD05F6-34AA-40C7-9B83-428081F13911}.Debug|x64.ActiveCfg = Debug|Any CPU
		{7AFD05F6-34AA-40C7-9B83-428081F13911}.Debug|x64.Build.0 = Debug|Any CPU
		{7AFD05F6-34AA-40C7-9B83-428081F13911}.Debug|x86.ActiveCfg = Debug|Any CPU
		{7AFD05F6-34AA-40C7-9B83-428081F13911}.Debug|x86.Build.0 = Debug|Any CPU
		{7AFD05F6-34AA-40C7-9B83-428081F13911}.Release|Any CPU.ActiveCfg = Release|Any CPU
		{7AFD05F6-34AA-40C7-9B83-428081F13911}.Release|Any CPU.Build.0 = Release|Any CPU
		{7AFD05F6-34AA-40C7-9B83-428081F13911}.Release|ARM.ActiveCfg = Release|Any CPU
		{7AFD05F6-34AA-40C7-9B83-428081F13911}.Release|ARM.Build.0 = Release|Any CPU
		{7AFD05F6-34AA-40C7-9B83-428081F13911}.Release|ARM64.ActiveCfg = Release|Any CPU
		{7AFD05F6-34AA-40C7-9B83-428081F13911}.Release|ARM64.Build.0 = Release|Any CPU
		{7AFD05F6-34AA-40C7-9B83-428081F13911}.Release|x64.ActiveCfg = Release|Any CPU
		{7AFD05F6-34AA-40C7-9B83-428081F13911}.Release|x64.Build.0 = Release|Any CPU
		{7AFD05F6-34AA-40C7-9B83-428081F13911}.Release|x86.ActiveCfg = Release|Any CPU
		{7AFD05F6-34AA-40C7-9B83-428081F13911}.Release|x86.Build.0 = Release|Any CPU
		{56221B6B-A6F1-44AE-A47B-E5234C4BC069}.Debug|Any CPU.ActiveCfg = Debug|Any CPU
		{56221B6B-A6F1-44AE-A47B-E5234C4BC069}.Debug|Any CPU.Build.0 = Debug|Any CPU
		{56221B6B-A6F1-44AE-A47B-E5234C4BC069}.Debug|ARM.ActiveCfg = Debug|Any CPU
		{56221B6B-A6F1-44AE-A47B-E5234C4BC069}.Debug|ARM.Build.0 = Debug|Any CPU
		{56221B6B-A6F1-44AE-A47B-E5234C4BC069}.Debug|ARM64.ActiveCfg = Debug|Any CPU
		{56221B6B-A6F1-44AE-A47B-E5234C4BC069}.Debug|ARM64.Build.0 = Debug|Any CPU
		{56221B6B-A6F1-44AE-A47B-E5234C4BC069}.Debug|x64.ActiveCfg = Debug|Any CPU
		{56221B6B-A6F1-44AE-A47B-E5234C4BC069}.Debug|x64.Build.0 = Debug|Any CPU
		{56221B6B-A6F1-44AE-A47B-E5234C4BC069}.Debug|x86.ActiveCfg = Debug|Any CPU
		{56221B6B-A6F1-44AE-A47B-E5234C4BC069}.Debug|x86.Build.0 = Debug|Any CPU
		{56221B6B-A6F1-44AE-A47B-E5234C4BC069}.Release|Any CPU.ActiveCfg = Release|Any CPU
		{56221B6B-A6F1-44AE-A47B-E5234C4BC069}.Release|Any CPU.Build.0 = Release|Any CPU
		{56221B6B-A6F1-44AE-A47B-E5234C4BC069}.Release|ARM.ActiveCfg = Release|Any CPU
		{56221B6B-A6F1-44AE-A47B-E5234C4BC069}.Release|ARM.Build.0 = Release|Any CPU
		{56221B6B-A6F1-44AE-A47B-E5234C4BC069}.Release|ARM64.ActiveCfg = Release|Any CPU
		{56221B6B-A6F1-44AE-A47B-E5234C4BC069}.Release|ARM64.Build.0 = Release|Any CPU
		{56221B6B-A6F1-44AE-A47B-E5234C4BC069}.Release|x64.ActiveCfg = Release|Any CPU
		{56221B6B-A6F1-44AE-A47B-E5234C4BC069}.Release|x64.Build.0 = Release|Any CPU
		{56221B6B-A6F1-44AE-A47B-E5234C4BC069}.Release|x86.ActiveCfg = Release|Any CPU
		{56221B6B-A6F1-44AE-A47B-E5234C4BC069}.Release|x86.Build.0 = Release|Any CPU
		{6C265DD5-B8C4-4837-92A4-09ACF79223BA}.Debug|Any CPU.ActiveCfg = Debug|x86
		{6C265DD5-B8C4-4837-92A4-09ACF79223BA}.Debug|Any CPU.Build.0 = Debug|x86
		{6C265DD5-B8C4-4837-92A4-09ACF79223BA}.Debug|Any CPU.Deploy.0 = Debug|x86
		{6C265DD5-B8C4-4837-92A4-09ACF79223BA}.Debug|ARM.ActiveCfg = Debug|ARM
		{6C265DD5-B8C4-4837-92A4-09ACF79223BA}.Debug|ARM.Build.0 = Debug|ARM
		{6C265DD5-B8C4-4837-92A4-09ACF79223BA}.Debug|ARM.Deploy.0 = Debug|ARM
		{6C265DD5-B8C4-4837-92A4-09ACF79223BA}.Debug|ARM64.ActiveCfg = Debug|ARM64
		{6C265DD5-B8C4-4837-92A4-09ACF79223BA}.Debug|ARM64.Build.0 = Debug|ARM64
		{6C265DD5-B8C4-4837-92A4-09ACF79223BA}.Debug|ARM64.Deploy.0 = Debug|ARM64
		{6C265DD5-B8C4-4837-92A4-09ACF79223BA}.Debug|x64.ActiveCfg = Debug|x64
		{6C265DD5-B8C4-4837-92A4-09ACF79223BA}.Debug|x64.Build.0 = Debug|x64
		{6C265DD5-B8C4-4837-92A4-09ACF79223BA}.Debug|x64.Deploy.0 = Debug|x64
		{6C265DD5-B8C4-4837-92A4-09ACF79223BA}.Debug|x86.ActiveCfg = Debug|x86
		{6C265DD5-B8C4-4837-92A4-09ACF79223BA}.Debug|x86.Build.0 = Debug|x86
		{6C265DD5-B8C4-4837-92A4-09ACF79223BA}.Release|Any CPU.ActiveCfg = Release|x86
		{6C265DD5-B8C4-4837-92A4-09ACF79223BA}.Release|ARM.ActiveCfg = Release|ARM
		{6C265DD5-B8C4-4837-92A4-09ACF79223BA}.Release|ARM.Build.0 = Release|ARM
		{6C265DD5-B8C4-4837-92A4-09ACF79223BA}.Release|ARM.Deploy.0 = Release|ARM
		{6C265DD5-B8C4-4837-92A4-09ACF79223BA}.Release|ARM64.ActiveCfg = Release|ARM64
		{6C265DD5-B8C4-4837-92A4-09ACF79223BA}.Release|ARM64.Build.0 = Release|ARM64
		{6C265DD5-B8C4-4837-92A4-09ACF79223BA}.Release|ARM64.Deploy.0 = Release|ARM64
		{6C265DD5-B8C4-4837-92A4-09ACF79223BA}.Release|x64.ActiveCfg = Release|x64
		{6C265DD5-B8C4-4837-92A4-09ACF79223BA}.Release|x64.Build.0 = Release|x64
		{6C265DD5-B8C4-4837-92A4-09ACF79223BA}.Release|x64.Deploy.0 = Release|x64
		{6C265DD5-B8C4-4837-92A4-09ACF79223BA}.Release|x86.ActiveCfg = Release|x86
		{6C265DD5-B8C4-4837-92A4-09ACF79223BA}.Release|x86.Build.0 = Release|x86
		{6C265DD5-B8C4-4837-92A4-09ACF79223BA}.Release|x86.Deploy.0 = Release|x86
		{45E26E35-4D75-4464-8845-5D307A681E93}.Debug|Any CPU.ActiveCfg = Debug|Any CPU
		{45E26E35-4D75-4464-8845-5D307A681E93}.Debug|Any CPU.Build.0 = Debug|Any CPU
		{45E26E35-4D75-4464-8845-5D307A681E93}.Debug|ARM.ActiveCfg = Debug|Any CPU
		{45E26E35-4D75-4464-8845-5D307A681E93}.Debug|ARM.Build.0 = Debug|Any CPU
		{45E26E35-4D75-4464-8845-5D307A681E93}.Debug|ARM64.ActiveCfg = Debug|Any CPU
		{45E26E35-4D75-4464-8845-5D307A681E93}.Debug|ARM64.Build.0 = Debug|Any CPU
		{45E26E35-4D75-4464-8845-5D307A681E93}.Debug|x64.ActiveCfg = Debug|Any CPU
		{45E26E35-4D75-4464-8845-5D307A681E93}.Debug|x64.Build.0 = Debug|Any CPU
		{45E26E35-4D75-4464-8845-5D307A681E93}.Debug|x86.ActiveCfg = Debug|Any CPU
		{45E26E35-4D75-4464-8845-5D307A681E93}.Debug|x86.Build.0 = Debug|Any CPU
		{45E26E35-4D75-4464-8845-5D307A681E93}.Release|Any CPU.ActiveCfg = Release|Any CPU
		{45E26E35-4D75-4464-8845-5D307A681E93}.Release|Any CPU.Build.0 = Release|Any CPU
		{45E26E35-4D75-4464-8845-5D307A681E93}.Release|ARM.ActiveCfg = Release|Any CPU
		{45E26E35-4D75-4464-8845-5D307A681E93}.Release|ARM.Build.0 = Release|Any CPU
		{45E26E35-4D75-4464-8845-5D307A681E93}.Release|ARM64.ActiveCfg = Release|Any CPU
		{45E26E35-4D75-4464-8845-5D307A681E93}.Release|ARM64.Build.0 = Release|Any CPU
		{45E26E35-4D75-4464-8845-5D307A681E93}.Release|x64.ActiveCfg = Release|Any CPU
		{45E26E35-4D75-4464-8845-5D307A681E93}.Release|x64.Build.0 = Release|Any CPU
		{45E26E35-4D75-4464-8845-5D307A681E93}.Release|x86.ActiveCfg = Release|Any CPU
		{45E26E35-4D75-4464-8845-5D307A681E93}.Release|x86.Build.0 = Release|Any CPU
		{EF78EB34-7D52-49C4-B816-9BF11B73C73D}.Debug|Any CPU.ActiveCfg = Debug|Any CPU
		{EF78EB34-7D52-49C4-B816-9BF11B73C73D}.Debug|Any CPU.Build.0 = Debug|Any CPU
		{EF78EB34-7D52-49C4-B816-9BF11B73C73D}.Debug|ARM.ActiveCfg = Debug|Any CPU
		{EF78EB34-7D52-49C4-B816-9BF11B73C73D}.Debug|ARM.Build.0 = Debug|Any CPU
		{EF78EB34-7D52-49C4-B816-9BF11B73C73D}.Debug|ARM64.ActiveCfg = Debug|Any CPU
		{EF78EB34-7D52-49C4-B816-9BF11B73C73D}.Debug|ARM64.Build.0 = Debug|Any CPU
		{EF78EB34-7D52-49C4-B816-9BF11B73C73D}.Debug|x64.ActiveCfg = Debug|Any CPU
		{EF78EB34-7D52-49C4-B816-9BF11B73C73D}.Debug|x64.Build.0 = Debug|Any CPU
		{EF78EB34-7D52-49C4-B816-9BF11B73C73D}.Debug|x86.ActiveCfg = Debug|Any CPU
		{EF78EB34-7D52-49C4-B816-9BF11B73C73D}.Debug|x86.Build.0 = Debug|Any CPU
		{EF78EB34-7D52-49C4-B816-9BF11B73C73D}.Release|Any CPU.ActiveCfg = Release|Any CPU
		{EF78EB34-7D52-49C4-B816-9BF11B73C73D}.Release|Any CPU.Build.0 = Release|Any CPU
		{EF78EB34-7D52-49C4-B816-9BF11B73C73D}.Release|ARM.ActiveCfg = Release|Any CPU
		{EF78EB34-7D52-49C4-B816-9BF11B73C73D}.Release|ARM.Build.0 = Release|Any CPU
		{EF78EB34-7D52-49C4-B816-9BF11B73C73D}.Release|ARM64.ActiveCfg = Release|Any CPU
		{EF78EB34-7D52-49C4-B816-9BF11B73C73D}.Release|ARM64.Build.0 = Release|Any CPU
		{EF78EB34-7D52-49C4-B816-9BF11B73C73D}.Release|x64.ActiveCfg = Release|Any CPU
		{EF78EB34-7D52-49C4-B816-9BF11B73C73D}.Release|x64.Build.0 = Release|Any CPU
		{EF78EB34-7D52-49C4-B816-9BF11B73C73D}.Release|x86.ActiveCfg = Release|Any CPU
		{EF78EB34-7D52-49C4-B816-9BF11B73C73D}.Release|x86.Build.0 = Release|Any CPU
		{9586CE02-7811-4C57-9100-C5581A214D80}.Debug|Any CPU.ActiveCfg = Debug|Any CPU
		{9586CE02-7811-4C57-9100-C5581A214D80}.Debug|Any CPU.Build.0 = Debug|Any CPU
		{9586CE02-7811-4C57-9100-C5581A214D80}.Debug|ARM.ActiveCfg = Debug|Any CPU
		{9586CE02-7811-4C57-9100-C5581A214D80}.Debug|ARM.Build.0 = Debug|Any CPU
		{9586CE02-7811-4C57-9100-C5581A214D80}.Debug|ARM64.ActiveCfg = Debug|Any CPU
		{9586CE02-7811-4C57-9100-C5581A214D80}.Debug|ARM64.Build.0 = Debug|Any CPU
		{9586CE02-7811-4C57-9100-C5581A214D80}.Debug|x64.ActiveCfg = Debug|Any CPU
		{9586CE02-7811-4C57-9100-C5581A214D80}.Debug|x64.Build.0 = Debug|Any CPU
		{9586CE02-7811-4C57-9100-C5581A214D80}.Debug|x86.ActiveCfg = Debug|Any CPU
		{9586CE02-7811-4C57-9100-C5581A214D80}.Debug|x86.Build.0 = Debug|Any CPU
		{9586CE02-7811-4C57-9100-C5581A214D80}.Release|Any CPU.ActiveCfg = Release|Any CPU
		{9586CE02-7811-4C57-9100-C5581A214D80}.Release|Any CPU.Build.0 = Release|Any CPU
		{9586CE02-7811-4C57-9100-C5581A214D80}.Release|ARM.ActiveCfg = Release|Any CPU
		{9586CE02-7811-4C57-9100-C5581A214D80}.Release|ARM.Build.0 = Release|Any CPU
		{9586CE02-7811-4C57-9100-C5581A214D80}.Release|ARM64.ActiveCfg = Release|Any CPU
		{9586CE02-7811-4C57-9100-C5581A214D80}.Release|ARM64.Build.0 = Release|Any CPU
		{9586CE02-7811-4C57-9100-C5581A214D80}.Release|x64.ActiveCfg = Release|Any CPU
		{9586CE02-7811-4C57-9100-C5581A214D80}.Release|x64.Build.0 = Release|Any CPU
		{9586CE02-7811-4C57-9100-C5581A214D80}.Release|x86.ActiveCfg = Release|Any CPU
		{9586CE02-7811-4C57-9100-C5581A214D80}.Release|x86.Build.0 = Release|Any CPU
		{5F8D57A4-CED9-4086-8BFB-E22684F0A392}.Debug|Any CPU.ActiveCfg = Debug|Any CPU
		{5F8D57A4-CED9-4086-8BFB-E22684F0A392}.Debug|Any CPU.Build.0 = Debug|Any CPU
		{5F8D57A4-CED9-4086-8BFB-E22684F0A392}.Debug|ARM.ActiveCfg = Debug|Any CPU
		{5F8D57A4-CED9-4086-8BFB-E22684F0A392}.Debug|ARM.Build.0 = Debug|Any CPU
		{5F8D57A4-CED9-4086-8BFB-E22684F0A392}.Debug|ARM64.ActiveCfg = Debug|Any CPU
		{5F8D57A4-CED9-4086-8BFB-E22684F0A392}.Debug|ARM64.Build.0 = Debug|Any CPU
		{5F8D57A4-CED9-4086-8BFB-E22684F0A392}.Debug|x64.ActiveCfg = Debug|Any CPU
		{5F8D57A4-CED9-4086-8BFB-E22684F0A392}.Debug|x64.Build.0 = Debug|Any CPU
		{5F8D57A4-CED9-4086-8BFB-E22684F0A392}.Debug|x86.ActiveCfg = Debug|Any CPU
		{5F8D57A4-CED9-4086-8BFB-E22684F0A392}.Debug|x86.Build.0 = Debug|Any CPU
		{5F8D57A4-CED9-4086-8BFB-E22684F0A392}.Release|Any CPU.ActiveCfg = Release|Any CPU
		{5F8D57A4-CED9-4086-8BFB-E22684F0A392}.Release|Any CPU.Build.0 = Release|Any CPU
		{5F8D57A4-CED9-4086-8BFB-E22684F0A392}.Release|ARM.ActiveCfg = Release|Any CPU
		{5F8D57A4-CED9-4086-8BFB-E22684F0A392}.Release|ARM.Build.0 = Release|Any CPU
		{5F8D57A4-CED9-4086-8BFB-E22684F0A392}.Release|ARM64.ActiveCfg = Release|Any CPU
		{5F8D57A4-CED9-4086-8BFB-E22684F0A392}.Release|ARM64.Build.0 = Release|Any CPU
		{5F8D57A4-CED9-4086-8BFB-E22684F0A392}.Release|x64.ActiveCfg = Release|Any CPU
		{5F8D57A4-CED9-4086-8BFB-E22684F0A392}.Release|x64.Build.0 = Release|Any CPU
		{5F8D57A4-CED9-4086-8BFB-E22684F0A392}.Release|x86.ActiveCfg = Release|Any CPU
		{5F8D57A4-CED9-4086-8BFB-E22684F0A392}.Release|x86.Build.0 = Release|Any CPU
		{8E3D9273-3F51-49BA-9DBE-402EF607D321}.Debug|Any CPU.ActiveCfg = Debug|Any CPU
		{8E3D9273-3F51-49BA-9DBE-402EF607D321}.Debug|Any CPU.Build.0 = Debug|Any CPU
		{8E3D9273-3F51-49BA-9DBE-402EF607D321}.Debug|ARM.ActiveCfg = Debug|Any CPU
		{8E3D9273-3F51-49BA-9DBE-402EF607D321}.Debug|ARM.Build.0 = Debug|Any CPU
		{8E3D9273-3F51-49BA-9DBE-402EF607D321}.Debug|ARM64.ActiveCfg = Debug|Any CPU
		{8E3D9273-3F51-49BA-9DBE-402EF607D321}.Debug|ARM64.Build.0 = Debug|Any CPU
		{8E3D9273-3F51-49BA-9DBE-402EF607D321}.Debug|x64.ActiveCfg = Debug|Any CPU
		{8E3D9273-3F51-49BA-9DBE-402EF607D321}.Debug|x64.Build.0 = Debug|Any CPU
		{8E3D9273-3F51-49BA-9DBE-402EF607D321}.Debug|x86.ActiveCfg = Debug|Any CPU
		{8E3D9273-3F51-49BA-9DBE-402EF607D321}.Debug|x86.Build.0 = Debug|Any CPU
		{8E3D9273-3F51-49BA-9DBE-402EF607D321}.Release|Any CPU.ActiveCfg = Release|Any CPU
		{8E3D9273-3F51-49BA-9DBE-402EF607D321}.Release|Any CPU.Build.0 = Release|Any CPU
		{8E3D9273-3F51-49BA-9DBE-402EF607D321}.Release|ARM.ActiveCfg = Release|Any CPU
		{8E3D9273-3F51-49BA-9DBE-402EF607D321}.Release|ARM.Build.0 = Release|Any CPU
		{8E3D9273-3F51-49BA-9DBE-402EF607D321}.Release|ARM64.ActiveCfg = Release|Any CPU
		{8E3D9273-3F51-49BA-9DBE-402EF607D321}.Release|ARM64.Build.0 = Release|Any CPU
		{8E3D9273-3F51-49BA-9DBE-402EF607D321}.Release|x64.ActiveCfg = Release|Any CPU
		{8E3D9273-3F51-49BA-9DBE-402EF607D321}.Release|x64.Build.0 = Release|Any CPU
		{8E3D9273-3F51-49BA-9DBE-402EF607D321}.Release|x86.ActiveCfg = Release|Any CPU
		{8E3D9273-3F51-49BA-9DBE-402EF607D321}.Release|x86.Build.0 = Release|Any CPU
		{9830D682-5C04-4E61-8889-86FE8002331F}.Debug|Any CPU.ActiveCfg = Debug|Any CPU
		{9830D682-5C04-4E61-8889-86FE8002331F}.Debug|Any CPU.Build.0 = Debug|Any CPU
		{9830D682-5C04-4E61-8889-86FE8002331F}.Debug|ARM.ActiveCfg = Debug|Any CPU
		{9830D682-5C04-4E61-8889-86FE8002331F}.Debug|ARM.Build.0 = Debug|Any CPU
		{9830D682-5C04-4E61-8889-86FE8002331F}.Debug|ARM64.ActiveCfg = Debug|Any CPU
		{9830D682-5C04-4E61-8889-86FE8002331F}.Debug|ARM64.Build.0 = Debug|Any CPU
		{9830D682-5C04-4E61-8889-86FE8002331F}.Debug|x64.ActiveCfg = Debug|Any CPU
		{9830D682-5C04-4E61-8889-86FE8002331F}.Debug|x64.Build.0 = Debug|Any CPU
		{9830D682-5C04-4E61-8889-86FE8002331F}.Debug|x86.ActiveCfg = Debug|Any CPU
		{9830D682-5C04-4E61-8889-86FE8002331F}.Debug|x86.Build.0 = Debug|Any CPU
		{9830D682-5C04-4E61-8889-86FE8002331F}.Release|Any CPU.ActiveCfg = Release|Any CPU
		{9830D682-5C04-4E61-8889-86FE8002331F}.Release|Any CPU.Build.0 = Release|Any CPU
		{9830D682-5C04-4E61-8889-86FE8002331F}.Release|ARM.ActiveCfg = Release|Any CPU
		{9830D682-5C04-4E61-8889-86FE8002331F}.Release|ARM.Build.0 = Release|Any CPU
		{9830D682-5C04-4E61-8889-86FE8002331F}.Release|ARM64.ActiveCfg = Release|Any CPU
		{9830D682-5C04-4E61-8889-86FE8002331F}.Release|ARM64.Build.0 = Release|Any CPU
		{9830D682-5C04-4E61-8889-86FE8002331F}.Release|x64.ActiveCfg = Release|Any CPU
		{9830D682-5C04-4E61-8889-86FE8002331F}.Release|x64.Build.0 = Release|Any CPU
		{9830D682-5C04-4E61-8889-86FE8002331F}.Release|x86.ActiveCfg = Release|Any CPU
		{9830D682-5C04-4E61-8889-86FE8002331F}.Release|x86.Build.0 = Release|Any CPU
	EndGlobalSection
	GlobalSection(SolutionProperties) = preSolution
		HideSolutionNode = FALSE
	EndGlobalSection
	GlobalSection(ExtensibilityGlobals) = postSolution
		SolutionGuid = {F35D6AA6-690E-40F9-9656-ED22A738F01C}
	EndGlobalSection
EndGlobal
